{
  "name": "appleui",
  "version": "0.30.1",
  "lockfileVersion": 3,
  "requires": true,
  "packages": {
    "": {
      "name": "appleui",
      "version": "0.30.1",
      "license": "MPL-2.0",
      "dependencies": {
        "lucide-static": "^0.546.0"
      },
      "devDependencies": {}
    },
    "node_modules/lucide-static": {
      "version": "0.546.0",
      "resolved": "https://registry.npmjs.org/lucide-static/-/lucide-static-0.546.0.tgz",
      "integrity": "sha512-9nZdgIRqLVsoqbSpSf+tRUbieA/y1eVvsN20ecBI8MKDay7XC4fy0MsNFXhiOddk419s7IgtEOvlf+nFWWPqoA==",
      "license": "ISC"
    }
  }
}
